
Microsoft Visual Studio Solution File, Format Version 12.00
# Visual Studio Version 16
VisualStudioVersion = 16.0.30114.105
MinimumVisualStudioVersion = 10.0.40219.1
Project("{FAE04EC0-301F-11D3-BF4B-00C04F79EFBC}") = "TestAutomation.UITests", "TestAutomation.UITests\TestAutomation.UITests.csproj", "{C1C43B5D-D57D-4C70-B871-B71D18103B90}"
EndProject
Global
	GlobalSection(SolutionConfigurationPlatforms) = preSolution
		Debug|Any CPU = Debug|Any CPU
		Release|Any CPU = Release|Any CPU
	EndGlobalSection
	GlobalSection(ProjectConfigurationPlatforms) = postSolution
		{C1C43B5D-D57D-4C70-B871-B71D18103B90}.Debug|Any CPU.ActiveCfg = Debug|Any CPU
		{C1C43B5D-D57D-4C70-B871-B71D18103B90}.Debug|Any CPU.Build.0 = Debug|Any CPU
		{C1C43B5D-D57D-4C70-B871-B71D18103B90}.Release|Any CPU.ActiveCfg = Release|Any CPU
		{C1C43B5D-D57D-4C70-B871-B71D18103B90}.Release|Any CPU.Build.0 = Release|Any CPU
	EndGlobalSection
	GlobalSection(SolutionProperties) = preSolution
		HideSolutionNode = FALSE
	EndGlobalSection
	GlobalSection(ExtensibilityGlobals) = postSolution
		SolutionGuid = {73C6909A-CA7A-44DF-982C-59E8112FD81C}
	EndGlobalSection
EndGlobal
